<Solution>
  <Folder Name="/License/">
    <File Path="_LICENSE.txt" />
  </Folder>
  <Project Path="src\Sage\Sage4.csproj" />
  <Project Path="benchmarks\SageBenchmarks\SageBenchmarks.csproj" />
  <Project Path="tests\TestDriver\TestDriver.csproj" />
  <Project Path="tests\SageTestLib\SageTestLib.csproj" />
  <Project Path="samples\Sage_SampleCode\Sage_SampleCode.csproj" />
</Solution>
